
Microsoft Visual Studio Solution File, Format Version 11.00
# Visual Studio 2010
Project("{FAE04EC0-301F-11D3-BF4B-00C04F79EFBC}") = "WpfPrototype1", "WpfPrototype1\WpfPrototype1.csproj", "{740d663f-2664-4479-8bb7-2ccc600c2fb8}"
EndProject
Project("{FAE04EC0-301F-11D3-BF4B-00C04F79EFBC}") = "WpfPrototype1Screens", "WpfPrototype1\WpfPrototype1Screens\WpfPrototype1Screens.csproj", "{c5fa5a33-b716-478a-8fc6-95b22fe5ea94}"
EndProject
Global
	GlobalSection(SolutionConfigurationPlatforms) = preSolution
		Debug|Any CPU = Debug|Any CPU
		Release|Any CPU = Release|Any CPU
	EndGlobalSection
	GlobalSection(ProjectConfigurationPlatforms) = postSolution
		{740D663F-2664-4479-8BB7-2CCC600C2FB8}.Debug|Any CPU.ActiveCfg = Debug|Any CPU
		{740D663F-2664-4479-8BB7-2CCC600C2FB8}.Debug|Any CPU.Build.0 = Debug|Any CPU
		{740D663F-2664-4479-8BB7-2CCC600C2FB8}.Release|Any CPU.ActiveCfg = Release|Any CPU
		{740D663F-2664-4479-8BB7-2CCC600C2FB8}.Release|Any CPU.Build.0 = Release|Any CPU
		{C5FA5A33-B716-478A-8FC6-95B22FE5EA94}.Debug|Any CPU.ActiveCfg = Debug|Any CPU
		{C5FA5A33-B716-478A-8FC6-95B22FE5EA94}.Debug|Any CPU.Build.0 = Debug|Any CPU
		{C5FA5A33-B716-478A-8FC6-95B22FE5EA94}.Release|Any CPU.ActiveCfg = Release|Any CPU
		{C5FA5A33-B716-478A-8FC6-95B22FE5EA94}.Release|Any CPU.Build.0 = Release|Any CPU
	EndGlobalSection
EndGlobal
